
Microsoft Visual Studio Solution File, Format Version 12.00
# Visual Studio 15
Project("{FAE04EC0-301F-11D3-BF4B-00C04F79EFBC}") = "Assembly-CSharp", "Assembly-CSharp.csproj", "{076597D6-E64D-25AE-5A88-36CC7AAF509E}"
EndProject
Project("{FAE04EC0-301F-11D3-BF4B-00C04F79EFBC}") = "Assembly-CSharp-firstpass", "Assembly-CSharp-firstpass.csproj", "{17D0BEEA-CC72-8619-AC96-EFE231ABAD0E}"
EndProject
Global
	GlobalSection(SolutionConfigurationPlatforms) = preSolution
		Debug|Any CPU = Debug|Any CPU
		Release|Any CPU = Release|Any CPU
	EndGlobalSection
	GlobalSection(ProjectConfigurationPlatforms) = postSolution
		{076597D6-E64D-25AE-5A88-36CC7AAF509E}.Debug|Any CPU.ActiveCfg = Debug|Any CPU
		{076597D6-E64D-25AE-5A88-36CC7AAF509E}.Debug|Any CPU.Build.0 = Debug|Any CPU
		{076597D6-E64D-25AE-5A88-36CC7AAF509E}.Release|Any CPU.ActiveCfg = Release|Any CPU
		{076597D6-E64D-25AE-5A88-36CC7AAF509E}.Release|Any CPU.Build.0 = Release|Any CPU
		{17D0BEEA-CC72-8619-AC96-EFE231ABAD0E}.Debug|Any CPU.ActiveCfg = Debug|Any CPU
		{17D0BEEA-CC72-8619-AC96-EFE231ABAD0E}.Debug|Any CPU.Build.0 = Debug|Any CPU
		{17D0BEEA-CC72-8619-AC96-EFE231ABAD0E}.Release|Any CPU.ActiveCfg = Release|Any CPU
		{17D0BEEA-CC72-8619-AC96-EFE231ABAD0E}.Release|Any CPU.Build.0 = Release|Any CPU
	EndGlobalSection
	GlobalSection(SolutionProperties) = preSolution
		HideSolutionNode = FALSE
	EndGlobalSection
EndGlobal
